Microsoft Visual Studio Solution File, Format Version 11.00
# Visual Studio 2008

Project("{FF6CB351-3ABD-9148-A728-D6516AD65B21}") = "BrickBall", "Assembly-CSharp.csproj", "{9B183DE7-7942-5A62-E6FB-52583A4F18B1}"
EndProject
Global
	GlobalSection(SolutionConfigurationPlatforms) = preSolution
		Debug|Any CPU = Debug|Any CPU
		Release|Any CPU = Release|Any CPU
	EndGlobalSection
	GlobalSection(ProjectConfigurationPlatforms) = postSolution
		{9B183DE7-7942-5A62-E6FB-52583A4F18B1}.Debug|Any CPU.ActiveCfg = Debug|Any CPU
		{9B183DE7-7942-5A62-E6FB-52583A4F18B1}.Debug|Any CPU.Build.0 = Debug|Any CPU
		{9B183DE7-7942-5A62-E6FB-52583A4F18B1}.Release|Any CPU.ActiveCfg = Release|Any CPU
		{9B183DE7-7942-5A62-E6FB-52583A4F18B1}.Release|Any CPU.Build.0 = Release|Any CPU
	EndGlobalSection
	GlobalSection(SolutionProperties) = preSolution
		HideSolutionNode = FALSE
	EndGlobalSection
	GlobalSection(MonoDevelopProperties) = preSolution
		StartupItem = Assembly-CSharp.csproj
	EndGlobalSection
EndGlobal
